name: 01 - building blocks

on: push

jobs: 
  echo-hello: 
    runs-on: ubuntu-latest
    steps: 
      - name: say hello
        run: echo "hello world"
  echo-goodby:
    runs-on: ubuntu-latest
    steps:
      - name: sucess
        run: |
          echo "i will succed"
          exit 0
      - name:
        run: echo "goodbye" 